
Microsoft Visual Studio Solution File, Format Version 12.00
# Visual Studio Version 16
VisualStudioVersion = 16.0.31702.278
MinimumVisualStudioVersion = 10.0.40219.1
Project("{FAE04EC0-301F-11D3-BF4B-00C04F79EFBC}") = "OOPAndFiles", "OOPAndFiles\OOPAndFiles.csproj", "{B080F2DF-F668-4922-AF6E-15BDA968A564}"
EndProject
Project("{FAE04EC0-301F-11D3-BF4B-00C04F79EFBC}") = "Frozen", "Frozen\Frozen.csproj", "{6AD7501E-F033-48E7-AEA9-EFDE895576BC}"
EndProject
Global
	GlobalSection(SolutionConfigurationPlatforms) = preSolution
		Debug|Any CPU = Debug|Any CPU
		Release|Any CPU = Release|Any CPU
	EndGlobalSection
	GlobalSection(ProjectConfigurationPlatforms) = postSolution
		{B080F2DF-F668-4922-AF6E-15BDA968A564}.Debug|Any CPU.ActiveCfg = Debug|Any CPU
		{B080F2DF-F668-4922-AF6E-15BDA968A564}.Debug|Any CPU.Build.0 = Debug|Any CPU
		{B080F2DF-F668-4922-AF6E-15BDA968A564}.Release|Any CPU.ActiveCfg = Release|Any CPU
		{B080F2DF-F668-4922-AF6E-15BDA968A564}.Release|Any CPU.Build.0 = Release|Any CPU
		{6AD7501E-F033-48E7-AEA9-EFDE895576BC}.Debug|Any CPU.ActiveCfg = Debug|Any CPU
		{6AD7501E-F033-48E7-AEA9-EFDE895576BC}.Debug|Any CPU.Build.0 = Debug|Any CPU
		{6AD7501E-F033-48E7-AEA9-EFDE895576BC}.Release|Any CPU.ActiveCfg = Release|Any CPU
		{6AD7501E-F033-48E7-AEA9-EFDE895576BC}.Release|Any CPU.Build.0 = Release|Any CPU
	EndGlobalSection
	GlobalSection(SolutionProperties) = preSolution
		HideSolutionNode = FALSE
	EndGlobalSection
	GlobalSection(ExtensibilityGlobals) = postSolution
		SolutionGuid = {3F85AC44-2201-4E66-BC83-2C86E8817DFE}
	EndGlobalSection
EndGlobal
